
Microsoft Visual Studio Solution File, Format Version 12.00
# Visual Studio 15
VisualStudioVersion = 15.0.28307.705
MinimumVisualStudioVersion = 10.0.40219.1
Project("{FAE04EC0-301F-11D3-BF4B-00C04F79EFBC}") = "Git Installer", "Git Installer.csproj", "{DDF6B339-A8C6-BA6D-9ABB-74B476C0AA16}"
EndProject
Project("{FAE04EC0-301F-11D3-BF4B-00C04F79EFBC}") = "ProcessManager", "ProcessManager.csproj", "{76269010-95E1-BD80-A492-43A77C96FDAE}"
EndProject
Project("{FAE04EC0-301F-11D3-BF4B-00C04F79EFBC}") = "Utilities", "Utilities.csproj", "{0FF1870C-F08A-52DE-A730-AF2C24C17D0C}"
EndProject
Project("{FAE04EC0-301F-11D3-BF4B-00C04F79EFBC}") = "UnityEnvironment", "UnityEnvironment.csproj", "{EAEC01AA-2D55-8CDD-6D43-92F8291CC537}"
EndProject
Project("{FAE04EC0-301F-11D3-BF4B-00C04F79EFBC}") = "NiceIO", "NiceIO.csproj", "{01D92443-B99A-D077-6B6A-4AB1A041BD29}"
EndProject
Project("{FAE04EC0-301F-11D3-BF4B-00C04F79EFBC}") = "SharpZipLib", "SharpZipLib.csproj", "{5554AB69-1A57-0876-0678-D3152A6A51FA}"
EndProject
Project("{FAE04EC0-301F-11D3-BF4B-00C04F79EFBC}") = "NiceThreading", "NiceThreading.csproj", "{CCC4DB3F-A8C8-B82E-3A0F-2B2F1A5C56C7}"
EndProject
Project("{FAE04EC0-301F-11D3-BF4B-00C04F79EFBC}") = "SimpleLogging", "SimpleLogging.csproj", "{7C70E39E-5F0F-33FC-3325-F4FF3F9C55C2}"
EndProject
Project("{FAE04EC0-301F-11D3-BF4B-00C04F79EFBC}") = "UIFramework", "UIFramework.csproj", "{DF8AECE6-6D92-2155-6A84-5C7C5816A0D5}"
EndProject
Project("{FAE04EC0-301F-11D3-BF4B-00C04F79EFBC}") = "OfflineAssetManager", "OfflineAssetManager.csproj", "{4E3EA1BA-7AF9-BB2C-8F35-85E1D0C077C4}"
EndProject
Project("{FAE04EC0-301F-11D3-BF4B-00C04F79EFBC}") = "SimpleJson", "SimpleJson.csproj", "{19105B87-1A06-D602-2F47-DB4FC2076BE7}"
EndProject
Project("{FAE04EC0-301F-11D3-BF4B-00C04F79EFBC}") = "QuickConsole", "QuickConsole.csproj", "{5751248D-CAF0-EB95-0E19-474C6C640224}"
EndProject
Project("{FAE04EC0-301F-11D3-BF4B-00C04F79EFBC}") = "ProcessTest", "tests\ProcessTest\ProcessTest.csproj", "{ECB57F6A-3C18-4C04-86F4-D064890C205A}"
EndProject
Global
	GlobalSection(SolutionConfigurationPlatforms) = preSolution
		Debug|Any CPU = Debug|Any CPU
		Release|Any CPU = Release|Any CPU
	EndGlobalSection
	GlobalSection(ProjectConfigurationPlatforms) = postSolution
		{DDF6B339-A8C6-BA6D-9ABB-74B476C0AA16}.Debug|Any CPU.ActiveCfg = Debug|Any CPU
		{DDF6B339-A8C6-BA6D-9ABB-74B476C0AA16}.Debug|Any CPU.Build.0 = Debug|Any CPU
		{DDF6B339-A8C6-BA6D-9ABB-74B476C0AA16}.Release|Any CPU.ActiveCfg = Release|Any CPU
		{DDF6B339-A8C6-BA6D-9ABB-74B476C0AA16}.Release|Any CPU.Build.0 = Release|Any CPU
		{76269010-95E1-BD80-A492-43A77C96FDAE}.Debug|Any CPU.ActiveCfg = Debug|Any CPU
		{76269010-95E1-BD80-A492-43A77C96FDAE}.Debug|Any CPU.Build.0 = Debug|Any CPU
		{76269010-95E1-BD80-A492-43A77C96FDAE}.Release|Any CPU.ActiveCfg = Release|Any CPU
		{76269010-95E1-BD80-A492-43A77C96FDAE}.Release|Any CPU.Build.0 = Release|Any CPU
		{0FF1870C-F08A-52DE-A730-AF2C24C17D0C}.Debug|Any CPU.ActiveCfg = Debug|Any CPU
		{0FF1870C-F08A-52DE-A730-AF2C24C17D0C}.Debug|Any CPU.Build.0 = Debug|Any CPU
		{0FF1870C-F08A-52DE-A730-AF2C24C17D0C}.Release|Any CPU.ActiveCfg = Release|Any CPU
		{0FF1870C-F08A-52DE-A730-AF2C24C17D0C}.Release|Any CPU.Build.0 = Release|Any CPU
		{EAEC01AA-2D55-8CDD-6D43-92F8291CC537}.Debug|Any CPU.ActiveCfg = Debug|Any CPU
		{EAEC01AA-2D55-8CDD-6D43-92F8291CC537}.Debug|Any CPU.Build.0 = Debug|Any CPU
		{EAEC01AA-2D55-8CDD-6D43-92F8291CC537}.Release|Any CPU.ActiveCfg = Release|Any CPU
		{EAEC01AA-2D55-8CDD-6D43-92F8291CC537}.Release|Any CPU.Build.0 = Release|Any CPU
		{01D92443-B99A-D077-6B6A-4AB1A041BD29}.Debug|Any CPU.ActiveCfg = Debug|Any CPU
		{01D92443-B99A-D077-6B6A-4AB1A041BD29}.Debug|Any CPU.Build.0 = Debug|Any CPU
		{01D92443-B99A-D077-6B6A-4AB1A041BD29}.Release|Any CPU.ActiveCfg = Release|Any CPU
		{01D92443-B99A-D077-6B6A-4AB1A041BD29}.Release|Any CPU.Build.0 = Release|Any CPU
		{5554AB69-1A57-0876-0678-D3152A6A51FA}.Debug|Any CPU.ActiveCfg = Debug|Any CPU
		{5554AB69-1A57-0876-0678-D3152A6A51FA}.Debug|Any CPU.Build.0 = Debug|Any CPU
		{5554AB69-1A57-0876-0678-D3152A6A51FA}.Release|Any CPU.ActiveCfg = Release|Any CPU
		{5554AB69-1A57-0876-0678-D3152A6A51FA}.Release|Any CPU.Build.0 = Release|Any CPU
		{CCC4DB3F-A8C8-B82E-3A0F-2B2F1A5C56C7}.Debug|Any CPU.ActiveCfg = Debug|Any CPU
		{CCC4DB3F-A8C8-B82E-3A0F-2B2F1A5C56C7}.Debug|Any CPU.Build.0 = Debug|Any CPU
		{CCC4DB3F-A8C8-B82E-3A0F-2B2F1A5C56C7}.Release|Any CPU.ActiveCfg = Release|Any CPU
		{CCC4DB3F-A8C8-B82E-3A0F-2B2F1A5C56C7}.Release|Any CPU.Build.0 = Release|Any CPU
		{7C70E39E-5F0F-33FC-3325-F4FF3F9C55C2}.Debug|Any CPU.ActiveCfg = Debug|Any CPU
		{7C70E39E-5F0F-33FC-3325-F4FF3F9C55C2}.Debug|Any CPU.Build.0 = Debug|Any CPU
		{7C70E39E-5F0F-33FC-3325-F4FF3F9C55C2}.Release|Any CPU.ActiveCfg = Release|Any CPU
		{7C70E39E-5F0F-33FC-3325-F4FF3F9C55C2}.Release|Any CPU.Build.0 = Release|Any CPU
		{DF8AECE6-6D92-2155-6A84-5C7C5816A0D5}.Debug|Any CPU.ActiveCfg = Debug|Any CPU
		{DF8AECE6-6D92-2155-6A84-5C7C5816A0D5}.Debug|Any CPU.Build.0 = Debug|Any CPU
		{DF8AECE6-6D92-2155-6A84-5C7C5816A0D5}.Release|Any CPU.ActiveCfg = Release|Any CPU
		{DF8AECE6-6D92-2155-6A84-5C7C5816A0D5}.Release|Any CPU.Build.0 = Release|Any CPU
		{4E3EA1BA-7AF9-BB2C-8F35-85E1D0C077C4}.Debug|Any CPU.ActiveCfg = Debug|Any CPU
		{4E3EA1BA-7AF9-BB2C-8F35-85E1D0C077C4}.Debug|Any CPU.Build.0 = Debug|Any CPU
		{4E3EA1BA-7AF9-BB2C-8F35-85E1D0C077C4}.Release|Any CPU.ActiveCfg = Release|Any CPU
		{4E3EA1BA-7AF9-BB2C-8F35-85E1D0C077C4}.Release|Any CPU.Build.0 = Release|Any CPU
		{19105B87-1A06-D602-2F47-DB4FC2076BE7}.Debug|Any CPU.ActiveCfg = Debug|Any CPU
		{19105B87-1A06-D602-2F47-DB4FC2076BE7}.Debug|Any CPU.Build.0 = Debug|Any CPU
		{19105B87-1A06-D602-2F47-DB4FC2076BE7}.Release|Any CPU.ActiveCfg = Release|Any CPU
		{19105B87-1A06-D602-2F47-DB4FC2076BE7}.Release|Any CPU.Build.0 = Release|Any CPU
		{5751248D-CAF0-EB95-0E19-474C6C640224}.Debug|Any CPU.ActiveCfg = Debug|Any CPU
		{5751248D-CAF0-EB95-0E19-474C6C640224}.Debug|Any CPU.Build.0 = Debug|Any CPU
		{5751248D-CAF0-EB95-0E19-474C6C640224}.Release|Any CPU.ActiveCfg = Release|Any CPU
		{5751248D-CAF0-EB95-0E19-474C6C640224}.Release|Any CPU.Build.0 = Release|Any CPU
		{ECB57F6A-3C18-4C04-86F4-D064890C205A}.Debug|Any CPU.ActiveCfg = Debug|Any CPU
		{ECB57F6A-3C18-4C04-86F4-D064890C205A}.Debug|Any CPU.Build.0 = Debug|Any CPU
		{ECB57F6A-3C18-4C04-86F4-D064890C205A}.Release|Any CPU.ActiveCfg = Release|Any CPU
		{ECB57F6A-3C18-4C04-86F4-D064890C205A}.Release|Any CPU.Build.0 = Release|Any CPU
	EndGlobalSection
	GlobalSection(SolutionProperties) = preSolution
		HideSolutionNode = FALSE
	EndGlobalSection
	GlobalSection(ExtensibilityGlobals) = postSolution
		SolutionGuid = {B88E817A-3C11-41FF-B348-0097B20FBF10}
	EndGlobalSection
EndGlobal
