
Microsoft Visual Studio Solution File, Format Version 12.00
# Visual Studio Version 17
VisualStudioVersion = 17.11.35312.102
MinimumVisualStudioVersion = 10.0.40219.1
Project("{9A19103F-16F7-4668-BE54-9A1E7A4F7556}") = "AVersionStamp", "src\AVersionStamp\AVersionStamp.csproj", "{01F6F1B7-7E18-4ADA-87A4-2D65100CAE5A}"
EndProject
Project("{9A19103F-16F7-4668-BE54-9A1E7A4F7556}") = "SpoiledCat.Unity.Environment", "src\com.spoiledcat.environment\Editor\SpoiledCat.Unity.Environment.csproj", "{11F6F1B7-7E18-4ADA-87A4-2D65100CAE5E}"
EndProject
Project("{9A19103F-16F7-4668-BE54-9A1E7A4F7556}") = "SpoiledCat.Unity.Logging", "src\com.spoiledcat.logging\Editor\SpoiledCat.Unity.Logging.csproj", "{AAE57A75-EC73-4C1A-9095-6B943AA15BC7}"
	ProjectSection(ProjectDependencies) = postProject
		{01F6F1B7-7E18-4ADA-87A4-2D65100CAE5A} = {01F6F1B7-7E18-4ADA-87A4-2D65100CAE5A}
	EndProjectSection
EndProject
Project("{9A19103F-16F7-4668-BE54-9A1E7A4F7556}") = "SpoiledCat.Unity.SimpleIO", "src\com.spoiledcat.simpleio\Editor\SpoiledCat.Unity.SimpleIO.csproj", "{BA3EC028-1970-4F51-95B5-2C18C7706924}"
	ProjectSection(ProjectDependencies) = postProject
		{01F6F1B7-7E18-4ADA-87A4-2D65100CAE5A} = {01F6F1B7-7E18-4ADA-87A4-2D65100CAE5A}
	EndProjectSection
EndProject
Project("{9A19103F-16F7-4668-BE54-9A1E7A4F7556}") = "SpoiledCat.Unity.SimpleJson", "src\com.spoiledcat.simplejson\Editor\SpoiledCat.Unity.SimpleJson.csproj", "{2A572465-DE6D-42FA-BC88-C846D6931B5F}"
	ProjectSection(ProjectDependencies) = postProject
		{01F6F1B7-7E18-4ADA-87A4-2D65100CAE5A} = {01F6F1B7-7E18-4ADA-87A4-2D65100CAE5A}
	EndProjectSection
EndProject
Project("{9A19103F-16F7-4668-BE54-9A1E7A4F7556}") = "SpoiledCat.Unity.SharpZipLib", "src\com.spoiledcat.sharpziplib\Editor\SpoiledCat.Unity.SharpZipLib.csproj", "{E74CD1E7-C4EB-43D3-A843-F520BC712BA4}"
	ProjectSection(ProjectDependencies) = postProject
		{01F6F1B7-7E18-4ADA-87A4-2D65100CAE5A} = {01F6F1B7-7E18-4ADA-87A4-2D65100CAE5A}
	EndProjectSection
EndProject
Project("{9A19103F-16F7-4668-BE54-9A1E7A4F7556}") = "SpoiledCat.Unity.Threading", "src\com.spoiledcat.threading\Editor\SpoiledCat.Unity.Threading.csproj", "{9699A2CF-3009-4272-AE5A-0A0C7AF6BCB6}"
EndProject
Project("{9A19103F-16F7-4668-BE54-9A1E7A4F7556}") = "SpoiledCat.Unity.QuickConsole", "src\com.spoiledcat.quick-console\Editor\SpoiledCat.Unity.QuickConsole.csproj", "{35B2BEAA-0E79-4360-994C-0108D9E61CA0}"
EndProject
Project("{9A19103F-16F7-4668-BE54-9A1E7A4F7556}") = "SpoiledCat.Unity.Threading.Tasks", "src\com.spoiledcat.threading.tasks\Editor\SpoiledCat.Unity.Threading.Tasks.csproj", "{19E58BF2-1CE5-4906-B8EE-F40CF04B8055}"
EndProject
Project("{9A19103F-16F7-4668-BE54-9A1E7A4F7556}") = "SpoiledCat.Unity.UI", "src\com.spoiledcat.ui\Editor\SpoiledCat.Unity.UI.csproj", "{7F58AD75-25A1-4D10-BCD4-52F965AA25D5}"
EndProject
Project("{9A19103F-16F7-4668-BE54-9A1E7A4F7556}") = "SpoiledCat.Unity.Utilities.Editor", "src\com.spoiledcat.utilities\Editor\SpoiledCat.Unity.Utilities.Editor.csproj", "{D82E300E-7BD9-4B87-9522-847D4EDAABE7}"
EndProject
Project("{9A19103F-16F7-4668-BE54-9A1E7A4F7556}") = "SpoiledCat.Unity.Utilities.Runtime", "src\com.spoiledcat.utilities.runtime\Runtime\SpoiledCat.Unity.Utilities.Runtime.csproj", "{D82E300E-7BD9-4B87-9522-847D4EDAABEF}"
	ProjectSection(ProjectDependencies) = postProject
		{01F6F1B7-7E18-4ADA-87A4-2D65100CAE5A} = {01F6F1B7-7E18-4ADA-87A4-2D65100CAE5A}
	EndProjectSection
EndProject
Project("{2150E333-8FDC-42A3-9474-1A3956D46DE8}") = "tests", "tests", "{1B6C7155-DF65-440B-B560-7414E4325AE3}"
EndProject
Project("{9A19103F-16F7-4668-BE54-9A1E7A4F7556}") = "Threading.Tests", "tests\Threading.Tests\Threading.Tests.csproj", "{FF6B651C-2A64-435A-806A-7AA10B3F116F}"
EndProject
Project("{2150E333-8FDC-42A3-9474-1A3956D46DE8}") = "helpers", "helpers", "{8E2B165B-88F8-4C91-A603-52920F82B3AD}"
EndProject
Project("{9A19103F-16F7-4668-BE54-9A1E7A4F7556}") = "Helper.CommandLine", "tests\Helpers\Helper.CommandLine\Helper.CommandLine.csproj", "{08B87D2A-8CF1-4211-B7AA-5209F00F72F8}"
EndProject
Project("{9A19103F-16F7-4668-BE54-9A1E7A4F7556}") = "Helper.WebServer", "tests\Helpers\Helper.WebServer\Helper.WebServer.csproj", "{3DD3451C-30FA-4294-A3A9-1E080342F867}"
EndProject
Project("{9A19103F-16F7-4668-BE54-9A1E7A4F7556}") = "TestBase", "tests\Helpers\TestBase\TestBase.csproj", "{D85495CD-E955-4E08-8D57-7381C6CA88EF}"
EndProject
Project("{9A19103F-16F7-4668-BE54-9A1E7A4F7556}") = "SpoiledCat.SimpleIO.Runtime", "src\com.spoiledcat.simpleio.runtime\Runtime\SpoiledCat.SimpleIO.Runtime.csproj", "{BA3EC028-1970-4F51-95B5-2C18C7706925}"
	ProjectSection(ProjectDependencies) = postProject
		{01F6F1B7-7E18-4ADA-87A4-2D65100CAE5A} = {01F6F1B7-7E18-4ADA-87A4-2D65100CAE5A}
	EndProjectSection
EndProject
Global
	GlobalSection(SolutionConfigurationPlatforms) = preSolution
		Debug|Any CPU = Debug|Any CPU
		DebugUnity|Any CPU = DebugUnity|Any CPU
		Release|Any CPU = Release|Any CPU
		ReleaseUnity|Any CPU = ReleaseUnity|Any CPU
	EndGlobalSection
	GlobalSection(ProjectConfigurationPlatforms) = postSolution
		{01F6F1B7-7E18-4ADA-87A4-2D65100CAE5A}.Debug|Any CPU.ActiveCfg = Debug|Any CPU
		{01F6F1B7-7E18-4ADA-87A4-2D65100CAE5A}.Debug|Any CPU.Build.0 = Debug|Any CPU
		{01F6F1B7-7E18-4ADA-87A4-2D65100CAE5A}.DebugUnity|Any CPU.ActiveCfg = DebugUnity|Any CPU
		{01F6F1B7-7E18-4ADA-87A4-2D65100CAE5A}.DebugUnity|Any CPU.Build.0 = DebugUnity|Any CPU
		{01F6F1B7-7E18-4ADA-87A4-2D65100CAE5A}.Release|Any CPU.ActiveCfg = Release|Any CPU
		{01F6F1B7-7E18-4ADA-87A4-2D65100CAE5A}.Release|Any CPU.Build.0 = Release|Any CPU
		{01F6F1B7-7E18-4ADA-87A4-2D65100CAE5A}.ReleaseUnity|Any CPU.ActiveCfg = ReleaseUnity|Any CPU
		{01F6F1B7-7E18-4ADA-87A4-2D65100CAE5A}.ReleaseUnity|Any CPU.Build.0 = ReleaseUnity|Any CPU
		{11F6F1B7-7E18-4ADA-87A4-2D65100CAE5E}.Debug|Any CPU.ActiveCfg = Debug|Any CPU
		{11F6F1B7-7E18-4ADA-87A4-2D65100CAE5E}.Debug|Any CPU.Build.0 = Debug|Any CPU
		{11F6F1B7-7E18-4ADA-87A4-2D65100CAE5E}.DebugUnity|Any CPU.ActiveCfg = DebugUnity|Any CPU
		{11F6F1B7-7E18-4ADA-87A4-2D65100CAE5E}.DebugUnity|Any CPU.Build.0 = DebugUnity|Any CPU
		{11F6F1B7-7E18-4ADA-87A4-2D65100CAE5E}.Release|Any CPU.ActiveCfg = Release|Any CPU
		{11F6F1B7-7E18-4ADA-87A4-2D65100CAE5E}.Release|Any CPU.Build.0 = Release|Any CPU
		{11F6F1B7-7E18-4ADA-87A4-2D65100CAE5E}.ReleaseUnity|Any CPU.ActiveCfg = ReleaseUnity|Any CPU
		{11F6F1B7-7E18-4ADA-87A4-2D65100CAE5E}.ReleaseUnity|Any CPU.Build.0 = ReleaseUnity|Any CPU
		{AAE57A75-EC73-4C1A-9095-6B943AA15BC7}.Debug|Any CPU.ActiveCfg = Debug|Any CPU
		{AAE57A75-EC73-4C1A-9095-6B943AA15BC7}.Debug|Any CPU.Build.0 = Debug|Any CPU
		{AAE57A75-EC73-4C1A-9095-6B943AA15BC7}.DebugUnity|Any CPU.ActiveCfg = DebugUnity|Any CPU
		{AAE57A75-EC73-4C1A-9095-6B943AA15BC7}.DebugUnity|Any CPU.Build.0 = DebugUnity|Any CPU
		{AAE57A75-EC73-4C1A-9095-6B943AA15BC7}.Release|Any CPU.ActiveCfg = Release|Any CPU
		{AAE57A75-EC73-4C1A-9095-6B943AA15BC7}.Release|Any CPU.Build.0 = Release|Any CPU
		{AAE57A75-EC73-4C1A-9095-6B943AA15BC7}.ReleaseUnity|Any CPU.ActiveCfg = ReleaseUnity|Any CPU
		{AAE57A75-EC73-4C1A-9095-6B943AA15BC7}.ReleaseUnity|Any CPU.Build.0 = ReleaseUnity|Any CPU
		{BA3EC028-1970-4F51-95B5-2C18C7706924}.Debug|Any CPU.ActiveCfg = Debug|Any CPU
		{BA3EC028-1970-4F51-95B5-2C18C7706924}.Debug|Any CPU.Build.0 = Debug|Any CPU
		{BA3EC028-1970-4F51-95B5-2C18C7706924}.DebugUnity|Any CPU.ActiveCfg = DebugUnity|Any CPU
		{BA3EC028-1970-4F51-95B5-2C18C7706924}.DebugUnity|Any CPU.Build.0 = DebugUnity|Any CPU
		{BA3EC028-1970-4F51-95B5-2C18C7706924}.Release|Any CPU.ActiveCfg = Release|Any CPU
		{BA3EC028-1970-4F51-95B5-2C18C7706924}.Release|Any CPU.Build.0 = Release|Any CPU
		{BA3EC028-1970-4F51-95B5-2C18C7706924}.ReleaseUnity|Any CPU.ActiveCfg = ReleaseUnity|Any CPU
		{BA3EC028-1970-4F51-95B5-2C18C7706924}.ReleaseUnity|Any CPU.Build.0 = ReleaseUnity|Any CPU
		{2A572465-DE6D-42FA-BC88-C846D6931B5F}.Debug|Any CPU.ActiveCfg = Debug|Any CPU
		{2A572465-DE6D-42FA-BC88-C846D6931B5F}.Debug|Any CPU.Build.0 = Debug|Any CPU
		{2A572465-DE6D-42FA-BC88-C846D6931B5F}.DebugUnity|Any CPU.ActiveCfg = DebugUnity|Any CPU
		{2A572465-DE6D-42FA-BC88-C846D6931B5F}.DebugUnity|Any CPU.Build.0 = DebugUnity|Any CPU
		{2A572465-DE6D-42FA-BC88-C846D6931B5F}.Release|Any CPU.ActiveCfg = Release|Any CPU
		{2A572465-DE6D-42FA-BC88-C846D6931B5F}.Release|Any CPU.Build.0 = Release|Any CPU
		{2A572465-DE6D-42FA-BC88-C846D6931B5F}.ReleaseUnity|Any CPU.ActiveCfg = ReleaseUnity|Any CPU
		{2A572465-DE6D-42FA-BC88-C846D6931B5F}.ReleaseUnity|Any CPU.Build.0 = ReleaseUnity|Any CPU
		{E74CD1E7-C4EB-43D3-A843-F520BC712BA4}.Debug|Any CPU.ActiveCfg = Debug|Any CPU
		{E74CD1E7-C4EB-43D3-A843-F520BC712BA4}.Debug|Any CPU.Build.0 = Debug|Any CPU
		{E74CD1E7-C4EB-43D3-A843-F520BC712BA4}.DebugUnity|Any CPU.ActiveCfg = DebugUnity|Any CPU
		{E74CD1E7-C4EB-43D3-A843-F520BC712BA4}.DebugUnity|Any CPU.Build.0 = DebugUnity|Any CPU
		{E74CD1E7-C4EB-43D3-A843-F520BC712BA4}.Release|Any CPU.ActiveCfg = Release|Any CPU
		{E74CD1E7-C4EB-43D3-A843-F520BC712BA4}.Release|Any CPU.Build.0 = Release|Any CPU
		{E74CD1E7-C4EB-43D3-A843-F520BC712BA4}.ReleaseUnity|Any CPU.ActiveCfg = ReleaseUnity|Any CPU
		{E74CD1E7-C4EB-43D3-A843-F520BC712BA4}.ReleaseUnity|Any CPU.Build.0 = ReleaseUnity|Any CPU
		{9699A2CF-3009-4272-AE5A-0A0C7AF6BCB6}.Debug|Any CPU.ActiveCfg = Debug|Any CPU
		{9699A2CF-3009-4272-AE5A-0A0C7AF6BCB6}.Debug|Any CPU.Build.0 = Debug|Any CPU
		{9699A2CF-3009-4272-AE5A-0A0C7AF6BCB6}.DebugUnity|Any CPU.ActiveCfg = DebugUnity|Any CPU
		{9699A2CF-3009-4272-AE5A-0A0C7AF6BCB6}.DebugUnity|Any CPU.Build.0 = DebugUnity|Any CPU
		{9699A2CF-3009-4272-AE5A-0A0C7AF6BCB6}.Release|Any CPU.ActiveCfg = Release|Any CPU
		{9699A2CF-3009-4272-AE5A-0A0C7AF6BCB6}.Release|Any CPU.Build.0 = Release|Any CPU
		{9699A2CF-3009-4272-AE5A-0A0C7AF6BCB6}.ReleaseUnity|Any CPU.ActiveCfg = ReleaseUnity|Any CPU
		{9699A2CF-3009-4272-AE5A-0A0C7AF6BCB6}.ReleaseUnity|Any CPU.Build.0 = ReleaseUnity|Any CPU
		{35B2BEAA-0E79-4360-994C-0108D9E61CA0}.Debug|Any CPU.ActiveCfg = Debug|Any CPU
		{35B2BEAA-0E79-4360-994C-0108D9E61CA0}.Debug|Any CPU.Build.0 = Debug|Any CPU
		{35B2BEAA-0E79-4360-994C-0108D9E61CA0}.DebugUnity|Any CPU.ActiveCfg = DebugUnity|Any CPU
		{35B2BEAA-0E79-4360-994C-0108D9E61CA0}.DebugUnity|Any CPU.Build.0 = DebugUnity|Any CPU
		{35B2BEAA-0E79-4360-994C-0108D9E61CA0}.Release|Any CPU.ActiveCfg = Release|Any CPU
		{35B2BEAA-0E79-4360-994C-0108D9E61CA0}.Release|Any CPU.Build.0 = Release|Any CPU
		{35B2BEAA-0E79-4360-994C-0108D9E61CA0}.ReleaseUnity|Any CPU.ActiveCfg = ReleaseUnity|Any CPU
		{35B2BEAA-0E79-4360-994C-0108D9E61CA0}.ReleaseUnity|Any CPU.Build.0 = ReleaseUnity|Any CPU
		{19E58BF2-1CE5-4906-B8EE-F40CF04B8055}.Debug|Any CPU.ActiveCfg = Debug|Any CPU
		{19E58BF2-1CE5-4906-B8EE-F40CF04B8055}.Debug|Any CPU.Build.0 = Debug|Any CPU
		{19E58BF2-1CE5-4906-B8EE-F40CF04B8055}.DebugUnity|Any CPU.ActiveCfg = DebugUnity|Any CPU
		{19E58BF2-1CE5-4906-B8EE-F40CF04B8055}.DebugUnity|Any CPU.Build.0 = DebugUnity|Any CPU
		{19E58BF2-1CE5-4906-B8EE-F40CF04B8055}.Release|Any CPU.ActiveCfg = Release|Any CPU
		{19E58BF2-1CE5-4906-B8EE-F40CF04B8055}.Release|Any CPU.Build.0 = Release|Any CPU
		{19E58BF2-1CE5-4906-B8EE-F40CF04B8055}.ReleaseUnity|Any CPU.ActiveCfg = ReleaseUnity|Any CPU
		{19E58BF2-1CE5-4906-B8EE-F40CF04B8055}.ReleaseUnity|Any CPU.Build.0 = ReleaseUnity|Any CPU
		{7F58AD75-25A1-4D10-BCD4-52F965AA25D5}.Debug|Any CPU.ActiveCfg = Debug|Any CPU
		{7F58AD75-25A1-4D10-BCD4-52F965AA25D5}.Debug|Any CPU.Build.0 = Debug|Any CPU
		{7F58AD75-25A1-4D10-BCD4-52F965AA25D5}.DebugUnity|Any CPU.ActiveCfg = DebugUnity|Any CPU
		{7F58AD75-25A1-4D10-BCD4-52F965AA25D5}.DebugUnity|Any CPU.Build.0 = DebugUnity|Any CPU
		{7F58AD75-25A1-4D10-BCD4-52F965AA25D5}.Release|Any CPU.ActiveCfg = Release|Any CPU
		{7F58AD75-25A1-4D10-BCD4-52F965AA25D5}.Release|Any CPU.Build.0 = Release|Any CPU
		{7F58AD75-25A1-4D10-BCD4-52F965AA25D5}.ReleaseUnity|Any CPU.ActiveCfg = ReleaseUnity|Any CPU
		{7F58AD75-25A1-4D10-BCD4-52F965AA25D5}.ReleaseUnity|Any CPU.Build.0 = ReleaseUnity|Any CPU
		{D82E300E-7BD9-4B87-9522-847D4EDAABE7}.Debug|Any CPU.ActiveCfg = Debug|Any CPU
		{D82E300E-7BD9-4B87-9522-847D4EDAABE7}.Debug|Any CPU.Build.0 = Debug|Any CPU
		{D82E300E-7BD9-4B87-9522-847D4EDAABE7}.DebugUnity|Any CPU.ActiveCfg = DebugUnity|Any CPU
		{D82E300E-7BD9-4B87-9522-847D4EDAABE7}.DebugUnity|Any CPU.Build.0 = DebugUnity|Any CPU
		{D82E300E-7BD9-4B87-9522-847D4EDAABE7}.Release|Any CPU.ActiveCfg = Release|Any CPU
		{D82E300E-7BD9-4B87-9522-847D4EDAABE7}.Release|Any CPU.Build.0 = Release|Any CPU
		{D82E300E-7BD9-4B87-9522-847D4EDAABE7}.ReleaseUnity|Any CPU.ActiveCfg = ReleaseUnity|Any CPU
		{D82E300E-7BD9-4B87-9522-847D4EDAABE7}.ReleaseUnity|Any CPU.Build.0 = ReleaseUnity|Any CPU
		{D82E300E-7BD9-4B87-9522-847D4EDAABEF}.Debug|Any CPU.ActiveCfg = Debug|Any CPU
		{D82E300E-7BD9-4B87-9522-847D4EDAABEF}.Debug|Any CPU.Build.0 = Debug|Any CPU
		{D82E300E-7BD9-4B87-9522-847D4EDAABEF}.DebugUnity|Any CPU.ActiveCfg = DebugUnity|Any CPU
		{D82E300E-7BD9-4B87-9522-847D4EDAABEF}.DebugUnity|Any CPU.Build.0 = DebugUnity|Any CPU
		{D82E300E-7BD9-4B87-9522-847D4EDAABEF}.Release|Any CPU.ActiveCfg = Release|Any CPU
		{D82E300E-7BD9-4B87-9522-847D4EDAABEF}.Release|Any CPU.Build.0 = Release|Any CPU
		{D82E300E-7BD9-4B87-9522-847D4EDAABEF}.ReleaseUnity|Any CPU.ActiveCfg = ReleaseUnity|Any CPU
		{D82E300E-7BD9-4B87-9522-847D4EDAABEF}.ReleaseUnity|Any CPU.Build.0 = ReleaseUnity|Any CPU
		{FF6B651C-2A64-435A-806A-7AA10B3F116F}.Debug|Any CPU.ActiveCfg = Debug|Any CPU
		{FF6B651C-2A64-435A-806A-7AA10B3F116F}.Debug|Any CPU.Build.0 = Debug|Any CPU
		{FF6B651C-2A64-435A-806A-7AA10B3F116F}.DebugUnity|Any CPU.ActiveCfg = DebugUnity|Any CPU
		{FF6B651C-2A64-435A-806A-7AA10B3F116F}.DebugUnity|Any CPU.Build.0 = DebugUnity|Any CPU
		{FF6B651C-2A64-435A-806A-7AA10B3F116F}.Release|Any CPU.ActiveCfg = Release|Any CPU
		{FF6B651C-2A64-435A-806A-7AA10B3F116F}.Release|Any CPU.Build.0 = Release|Any CPU
		{FF6B651C-2A64-435A-806A-7AA10B3F116F}.ReleaseUnity|Any CPU.ActiveCfg = ReleaseUnity|Any CPU
		{FF6B651C-2A64-435A-806A-7AA10B3F116F}.ReleaseUnity|Any CPU.Build.0 = ReleaseUnity|Any CPU
		{08B87D2A-8CF1-4211-B7AA-5209F00F72F8}.Debug|Any CPU.ActiveCfg = Debug|Any CPU
		{08B87D2A-8CF1-4211-B7AA-5209F00F72F8}.Debug|Any CPU.Build.0 = Debug|Any CPU
		{08B87D2A-8CF1-4211-B7AA-5209F00F72F8}.DebugUnity|Any CPU.ActiveCfg = DebugUnity|Any CPU
		{08B87D2A-8CF1-4211-B7AA-5209F00F72F8}.DebugUnity|Any CPU.Build.0 = DebugUnity|Any CPU
		{08B87D2A-8CF1-4211-B7AA-5209F00F72F8}.Release|Any CPU.ActiveCfg = Release|Any CPU
		{08B87D2A-8CF1-4211-B7AA-5209F00F72F8}.Release|Any CPU.Build.0 = Release|Any CPU
		{08B87D2A-8CF1-4211-B7AA-5209F00F72F8}.ReleaseUnity|Any CPU.ActiveCfg = ReleaseUnity|Any CPU
		{08B87D2A-8CF1-4211-B7AA-5209F00F72F8}.ReleaseUnity|Any CPU.Build.0 = ReleaseUnity|Any CPU
		{3DD3451C-30FA-4294-A3A9-1E080342F867}.Debug|Any CPU.ActiveCfg = Debug|Any CPU
		{3DD3451C-30FA-4294-A3A9-1E080342F867}.Debug|Any CPU.Build.0 = Debug|Any CPU
		{3DD3451C-30FA-4294-A3A9-1E080342F867}.DebugUnity|Any CPU.ActiveCfg = DebugUnity|Any CPU
		{3DD3451C-30FA-4294-A3A9-1E080342F867}.DebugUnity|Any CPU.Build.0 = DebugUnity|Any CPU
		{3DD3451C-30FA-4294-A3A9-1E080342F867}.Release|Any CPU.ActiveCfg = Release|Any CPU
		{3DD3451C-30FA-4294-A3A9-1E080342F867}.Release|Any CPU.Build.0 = Release|Any CPU
		{3DD3451C-30FA-4294-A3A9-1E080342F867}.ReleaseUnity|Any CPU.ActiveCfg = ReleaseUnity|Any CPU
		{3DD3451C-30FA-4294-A3A9-1E080342F867}.ReleaseUnity|Any CPU.Build.0 = ReleaseUnity|Any CPU
		{D85495CD-E955-4E08-8D57-7381C6CA88EF}.Debug|Any CPU.ActiveCfg = Debug|Any CPU
		{D85495CD-E955-4E08-8D57-7381C6CA88EF}.Debug|Any CPU.Build.0 = Debug|Any CPU
		{D85495CD-E955-4E08-8D57-7381C6CA88EF}.DebugUnity|Any CPU.ActiveCfg = DebugUnity|Any CPU
		{D85495CD-E955-4E08-8D57-7381C6CA88EF}.DebugUnity|Any CPU.Build.0 = DebugUnity|Any CPU
		{D85495CD-E955-4E08-8D57-7381C6CA88EF}.Release|Any CPU.ActiveCfg = Release|Any CPU
		{D85495CD-E955-4E08-8D57-7381C6CA88EF}.Release|Any CPU.Build.0 = Release|Any CPU
		{D85495CD-E955-4E08-8D57-7381C6CA88EF}.ReleaseUnity|Any CPU.ActiveCfg = ReleaseUnity|Any CPU
		{D85495CD-E955-4E08-8D57-7381C6CA88EF}.ReleaseUnity|Any CPU.Build.0 = ReleaseUnity|Any CPU
		{BA3EC028-1970-4F51-95B5-2C18C7706925}.Debug|Any CPU.ActiveCfg = Debug|Any CPU
		{BA3EC028-1970-4F51-95B5-2C18C7706925}.Debug|Any CPU.Build.0 = Debug|Any CPU
		{BA3EC028-1970-4F51-95B5-2C18C7706925}.DebugUnity|Any CPU.ActiveCfg = DebugUnity|Any CPU
		{BA3EC028-1970-4F51-95B5-2C18C7706925}.DebugUnity|Any CPU.Build.0 = DebugUnity|Any CPU
		{BA3EC028-1970-4F51-95B5-2C18C7706925}.Release|Any CPU.ActiveCfg = Release|Any CPU
		{BA3EC028-1970-4F51-95B5-2C18C7706925}.Release|Any CPU.Build.0 = Release|Any CPU
		{BA3EC028-1970-4F51-95B5-2C18C7706925}.ReleaseUnity|Any CPU.ActiveCfg = ReleaseUnity|Any CPU
		{BA3EC028-1970-4F51-95B5-2C18C7706925}.ReleaseUnity|Any CPU.Build.0 = ReleaseUnity|Any CPU
	EndGlobalSection
	GlobalSection(SolutionProperties) = preSolution
		HideSolutionNode = FALSE
	EndGlobalSection
	GlobalSection(NestedProjects) = preSolution
		{FF6B651C-2A64-435A-806A-7AA10B3F116F} = {1B6C7155-DF65-440B-B560-7414E4325AE3}
		{8E2B165B-88F8-4C91-A603-52920F82B3AD} = {1B6C7155-DF65-440B-B560-7414E4325AE3}
		{08B87D2A-8CF1-4211-B7AA-5209F00F72F8} = {8E2B165B-88F8-4C91-A603-52920F82B3AD}
		{3DD3451C-30FA-4294-A3A9-1E080342F867} = {8E2B165B-88F8-4C91-A603-52920F82B3AD}
		{D85495CD-E955-4E08-8D57-7381C6CA88EF} = {8E2B165B-88F8-4C91-A603-52920F82B3AD}
	EndGlobalSection
	GlobalSection(ExtensibilityGlobals) = postSolution
		SolutionGuid = {11F9BFE4-27A0-4CCF-A3C1-3683D75126A6}
	EndGlobalSection
EndGlobal
